lockfileVersion: '9.0'

settings:
  autoInstallPeers: true
  excludeLinksFromLockfile: false

importers:

  .:
    dependencies:
      nan:
        specifier: ^2.17.0
        version: 2.28.0
    devDependencies:
      '@types/node':
        specifier: ^24.10.1
        version: 24.13.3
      tree-sitter-cli:
        specifier: ^0.26.0
        version: 0.26.11
      typescript:
        specifier: ^5.0.0
        version: 5.9.3

packages:

  '@types/node@24.13.3':
    resolution: {integrity: sha512-Dh8vAsV36ig5wa9OX4pXvMc9D3Veibfw2wix0CUwYODLD8nkj9UsLjASr49nPg+2eKzxhBV+v7L8pXvT4e639Q==}

  nan@2.28.0:
    resolution: {integrity: sha512-fTsDz99OTq2sVePhGdp4qQhggZFtKr64ZNVyVajRKtMOkJxYekplBh577PiJB12v/D3s2E5cGtOI45LWp6rnLQ==}

  tree-sitter-cli@0.26.11:
    resolution: {integrity: sha512-/hRCA0Ehkgk6B5WTYSiENk1R2Zv3LJcfvL3wjofzx+EYaKySZDu0agGRQcccay9Lg7wxJWsDa9cTRS92wsM5gQ==}
    engines: {node: '>=12.0.0'}
    hasBin: true

  typescript@5.9.3:
    resolution: {integrity: sha512-jl1vZzPDinLr9eUt3J/t7V6FgNEw9QjvBPdysz9KfQDD41fQrC2Y4vKQdiaUpFT4bXlb1RHhLpp8wtm6M5TgSw==}
    engines: {node: '>=14.17'}
    hasBin: true

  undici-types@7.18.2:
    resolution: {integrity: sha512-AsuCzffGHJybSaRrmr5eHr81mwJU3kjw6M+uprWvCXiNeN9SOGwQ3Jn8jb8m3Z6izVgknn1R0FTCEAP2QrLY/w==}

snapshots:

  '@types/node@24.13.3':
    dependencies:
      undici-types: 7.18.2

  nan@2.28.0: {}

  tree-sitter-cli@0.26.11: {}

  typescript@5.9.3: {}

  undici-types@7.18.2: {}
