lockfileVersion: '9.0'

settings:
  autoInstallPeers: true
  excludeLinksFromLockfile: false

importers:

  .:
    dependencies:
      nan:
        specifier: ^2.17.0
        version: 2.24.0
    devDependencies:
      '@types/node':
        specifier: ^24.10.1
        version: 24.10.1
      tree-sitter-cli:
        specifier: ^0.26.0
        version: 0.26.11
      typescript:
        specifier: ^5.0.0
        version: 5.9.3

packages:

  '@types/node@24.10.1':
    resolution: {integrity: sha512-GNWcUTRBgIRJD5zj+Tq0fKOJ5XZajIiBroOF0yvj2bSU1WvNdYS/dn9UxwsujGW4JX06dnHyjV2y9rRaybH0iQ==}

  nan@2.24.0:
    resolution: {integrity: sha512-Vpf9qnVW1RaDkoNKFUvfxqAbtI8ncb8OJlqZ9wwpXzWPEsvsB1nvdUi6oYrHIkQ1Y/tMDnr1h4nczS0VB9Xykg==}

  tree-sitter-cli@0.26.11:
    resolution: {integrity: sha512-/hRCA0Ehkgk6B5WTYSiENk1R2Zv3LJcfvL3wjofzx+EYaKySZDu0agGRQcccay9Lg7wxJWsDa9cTRS92wsM5gQ==}
    engines: {node: '>=12.0.0'}
    hasBin: true

  typescript@5.9.3:
    resolution: {integrity: sha512-jl1vZzPDinLr9eUt3J/t7V6FgNEw9QjvBPdysz9KfQDD41fQrC2Y4vKQdiaUpFT4bXlb1RHhLpp8wtm6M5TgSw==}
    engines: {node: '>=14.17'}
    hasBin: true

  undici-types@7.16.0:
    resolution: {integrity: sha512-Zz+aZWSj8LE6zoxD+xrjh4VfkIG8Ya6LvYkZqtUQGJPZjYl53ypCaUwWqo7eI0x66KBGeRo+mlBEkMSeSZ38Nw==}

snapshots:

  '@types/node@24.10.1':
    dependencies:
      undici-types: 7.16.0

  nan@2.24.0: {}

  tree-sitter-cli@0.26.11: {}

  typescript@5.9.3: {}

  undici-types@7.16.0: {}
